
Microsoft Visual Studio Solution File, Format Version 11.00
# Visual Studio 2010
Project("{8BC9CEB8-8B4A-11D0-8D11-00A0C91BC942}") = "Histogramm-MPI-OMP-CUDA", "Histogramm-MPI-OMP-CUDA\Histogramm-MPI-OMP-CUDA.vcxproj", "{239E8AED-6C08-4767-B6C0-9CADA1CE8038}"
EndProject
Global
	GlobalSection(SolutionConfigurationPlatforms) = preSolution
		Debug|x64 = Debug|x64
		Release|x64 = Release|x64
	EndGlobalSection
	GlobalSection(ProjectConfigurationPlatforms) = postSolution
		{239E8AED-6C08-4767-B6C0-9CADA1CE8038}.Debug|x64.ActiveCfg = Debug|x64
		{239E8AED-6C08-4767-B6C0-9CADA1CE8038}.Debug|x64.Build.0 = Debug|x64
		{239E8AED-6C08-4767-B6C0-9CADA1CE8038}.Release|x64.ActiveCfg = Release|x64
		{239E8AED-6C08-4767-B6C0-9CADA1CE8038}.Release|x64.Build.0 = Release|x64
	EndGlobalSection
	GlobalSection(SolutionProperties) = preSolution
		HideSolutionNode = FALSE
	EndGlobalSection
EndGlobal
